{
  "name": "ablatrix-pilot-search-agent",
  "lockfileVersion": 3,
  "requires": true,
  "packages": {
    "": {
      "name": "ablatrix-pilot-search-agent",
      "dependencies": {
        "@sapiom/agent": "0.14.2",
        "zod": "4.5.4"
      },
      "devDependencies": {
        "typescript": "5.9.3"
      }
    },
    "node_modules/@sapiom/agent": {
      "version": "0.14.2",
      "resolved": "https://registry.npmjs.org/@sapiom/agent/-/agent-0.14.2.tgz",
      "integrity": "sha512-RXznERW+3i+t9jA2ZynD6DLTVZpdTPnTR3uJXj1Npqp8u3Sis2dA2PrQh/lFjPHh6PCHU+n3BejnxqZpNW8xgw==",
      "license": "MIT",
      "dependencies": {
        "@sapiom/tools": "^0.38.0"
      },
      "engines": {
        "node": ">=18.0.0"
      },
      "peerDependencies": {
        "zod": "^3.25.76 || ^4.0.0"
      }
    },
    "node_modules/@sapiom/analytics-core": {
      "version": "0.2.1",
      "resolved": "https://registry.npmjs.org/@sapiom/analytics-core/-/analytics-core-0.2.1.tgz",
      "integrity": "sha512-IZaSdegheySbLxSwmrvcKFKpog3+Ef8IP/hkd7Qjp7uxgo7pfwkmjy9nFH9lXDH4ALeW5+Fhs717+RKwkW1EJA==",
      "license": "MIT",
      "engines": {
        "node": ">=18.0.0"
      }
    },
    "node_modules/@sapiom/tools": {
      "version": "0.38.0",
      "resolved": "https://registry.npmjs.org/@sapiom/tools/-/tools-0.38.0.tgz",
      "integrity": "sha512-BMPpyKh6RfzKdDOfZBQFM+q/NpC2X/tD5UQwjiPEdY4jgU+YYe2OBXygv+hH8oiz+TtB36z4QV2XH4L6AjswIg==",
      "license": "MIT",
      "dependencies": {
        "@sapiom/analytics-core": "^0.2.1"
      },
      "engines": {
        "node": ">=18.0.0"
      },
      "peerDependencies": {
        "google-auth-library": ">=9"
      },
      "peerDependenciesMeta": {
        "google-auth-library": {
          "optional": true
        }
      }
    },
    "node_modules/typescript": {
      "version": "5.9.3",
      "resolved": "https://registry.npmjs.org/typescript/-/typescript-5.9.3.tgz",
      "integrity": "sha512-jl1vZzPDinLr9eUt3J/t7V6FgNEw9QjvBPdysz9KfQDD41fQrC2Y4vKQdiaUpFT4bXlb1RHhLpp8wtm6M5TgSw==",
      "dev": true,
      "license": "Apache-2.0",
      "bin": {
        "tsc": "bin/tsc",
        "tsserver": "bin/tsserver"
      },
      "engines": {
        "node": ">=14.17"
      }
    },
    "node_modules/zod": {
      "version": "4.5.4",
      "resolved": "https://registry.npmjs.org/zod/-/zod-4.5.4.tgz",
      "integrity": "sha512-sC95tT5iHHH9gtpj6A81kh+NEaRAUFN+qlUPDUbRfOMvNf5QCBqsb3WgvnpVtK5Y+4UfA6KqufotuTvMGiTlsA==",
      "license": "MIT",
      "funding": {
        "url": "https://github.com/sponsors/colinhacks"
      }
    }
  }
}
